
Microsoft Visual Studio Solution File, Format Version 12.00
# Visual Studio Version 17
VisualStudioVersion = 17.11.35219.272
MinimumVisualStudioVersion = 10.0.40219.1
Project("{FAE04EC0-301F-11D3-BF4B-00C04F79EFBC}") = "lesson_zaripov1", "..\..\course_2\lesson_zaripov1\lesson_zaripov1.csproj", "{2F45AF45-BCE6-4F9B-AFAF-83A5E70B1070}"
EndProject
Project("{FAE04EC0-301F-11D3-BF4B-00C04F79EFBC}") = "lesson2", "..\..\course_2\lesson2\lesson2.csproj", "{9B413F59-DE73-43A7-95CB-00D9963F690E}"
EndProject
Global
	GlobalSection(SolutionConfigurationPlatforms) = preSolution
		Debug|Any CPU = Debug|Any CPU
		Release|Any CPU = Release|Any CPU
	EndGlobalSection
	GlobalSection(ProjectConfigurationPlatforms) = postSolution
		{2F45AF45-BCE6-4F9B-AFAF-83A5E70B1070}.Debug|Any CPU.ActiveCfg = Debug|Any CPU
		{2F45AF45-BCE6-4F9B-AFAF-83A5E70B1070}.Debug|Any CPU.Build.0 = Debug|Any CPU
		{2F45AF45-BCE6-4F9B-AFAF-83A5E70B1070}.Release|Any CPU.ActiveCfg = Release|Any CPU
		{2F45AF45-BCE6-4F9B-AFAF-83A5E70B1070}.Release|Any CPU.Build.0 = Release|Any CPU
		{9B413F59-DE73-43A7-95CB-00D9963F690E}.Debug|Any CPU.ActiveCfg = Debug|Any CPU
		{9B413F59-DE73-43A7-95CB-00D9963F690E}.Debug|Any CPU.Build.0 = Debug|Any CPU
		{9B413F59-DE73-43A7-95CB-00D9963F690E}.Release|Any CPU.ActiveCfg = Release|Any CPU
		{9B413F59-DE73-43A7-95CB-00D9963F690E}.Release|Any CPU.Build.0 = Release|Any CPU
	EndGlobalSection
	GlobalSection(SolutionProperties) = preSolution
		HideSolutionNode = FALSE
	EndGlobalSection
	GlobalSection(ExtensibilityGlobals) = postSolution
		SolutionGuid = {589916D4-6CB9-4B5D-B4DE-ACB8F733E7D4}
	EndGlobalSection
EndGlobal
