
Microsoft Visual Studio Solution File, Format Version 12.00
# Visual Studio Version 17
VisualStudioVersion = 17.11.35219.272
MinimumVisualStudioVersion = 10.0.40219.1
Project("{FAE04EC0-301F-11D3-BF4B-00C04F79EFBC}") = "WpfApp2", "WpfApp2.csproj", "{8D580515-CB4D-4F6C-96FC-0883023FFD2B}"
EndProject
Global
	GlobalSection(SolutionConfigurationPlatforms) = preSolution
		Debug|Any CPU = Debug|Any CPU
		Release|Any CPU = Release|Any CPU
	EndGlobalSection
	GlobalSection(ProjectConfigurationPlatforms) = postSolution
		{8D580515-CB4D-4F6C-96FC-0883023FFD2B}.Debug|Any CPU.ActiveCfg = Debug|Any CPU
		{8D580515-CB4D-4F6C-96FC-0883023FFD2B}.Debug|Any CPU.Build.0 = Debug|Any CPU
		{8D580515-CB4D-4F6C-96FC-0883023FFD2B}.Release|Any CPU.ActiveCfg = Release|Any CPU
		{8D580515-CB4D-4F6C-96FC-0883023FFD2B}.Release|Any CPU.Build.0 = Release|Any CPU
	EndGlobalSection
	GlobalSection(SolutionProperties) = preSolution
		HideSolutionNode = FALSE
	EndGlobalSection
	GlobalSection(ExtensibilityGlobals) = postSolution
		SolutionGuid = {28849F0D-D93C-4312-B4B9-CF3E1E89A5C3}
	EndGlobalSection
EndGlobal
